
Microsoft Visual Studio Solution File, Format Version 12.00
# Visual Studio 14
VisualStudioVersion = 14.0.25420.1
MinimumVisualStudioVersion = 10.0.40219.1
Project("{FAE04EC0-301F-11D3-BF4B-00C04F79EFBC}") = "TMSBookingRobot.Models", "..\TMSBookingRobot.Models\TMSBookingRobot.Models.csproj", "{BDA9DAFA-F3EF-41BF-A740-3A32F8B5034E}"
EndProject
Project("{FAE04EC0-301F-11D3-BF4B-00C04F79EFBC}") = "TMSBookingRobot.Controllers", "..\TMSBookingRobot.Controllers\TMSBookingRobot.Controllers.csproj", "{248B164C-7EB3-49C2-BA37-1E6503D21CC1}"
EndProject
Project("{FAE04EC0-301F-11D3-BF4B-00C04F79EFBC}") = "TMSBookingRobot.TestApp", "..\TMSBookingRobot.TestApp\TMSBookingRobot.TestApp.csproj", "{F2EA0B0C-07E7-47BA-A6E1-293506764C2C}"
EndProject
Global
	GlobalSection(SolutionConfigurationPlatforms) = preSolution
		Debug|Any CPU = Debug|Any CPU
		Release|Any CPU = Release|Any CPU
	EndGlobalSection
	GlobalSection(ProjectConfigurationPlatforms) = postSolution
		{BDA9DAFA-F3EF-41BF-A740-3A32F8B5034E}.Debug|Any CPU.ActiveCfg = Debug|Any CPU
		{BDA9DAFA-F3EF-41BF-A740-3A32F8B5034E}.Debug|Any CPU.Build.0 = Debug|Any CPU
		{BDA9DAFA-F3EF-41BF-A740-3A32F8B5034E}.Release|Any CPU.ActiveCfg = Release|Any CPU
		{BDA9DAFA-F3EF-41BF-A740-3A32F8B5034E}.Release|Any CPU.Build.0 = Release|Any CPU
		{248B164C-7EB3-49C2-BA37-1E6503D21CC1}.Debug|Any CPU.ActiveCfg = Debug|Any CPU
		{248B164C-7EB3-49C2-BA37-1E6503D21CC1}.Debug|Any CPU.Build.0 = Debug|Any CPU
		{248B164C-7EB3-49C2-BA37-1E6503D21CC1}.Release|Any CPU.ActiveCfg = Release|Any CPU
		{248B164C-7EB3-49C2-BA37-1E6503D21CC1}.Release|Any CPU.Build.0 = Release|Any CPU
		{F2EA0B0C-07E7-47BA-A6E1-293506764C2C}.Debug|Any CPU.ActiveCfg = Debug|Any CPU
		{F2EA0B0C-07E7-47BA-A6E1-293506764C2C}.Debug|Any CPU.Build.0 = Debug|Any CPU
		{F2EA0B0C-07E7-47BA-A6E1-293506764C2C}.Release|Any CPU.ActiveCfg = Release|Any CPU
		{F2EA0B0C-07E7-47BA-A6E1-293506764C2C}.Release|Any CPU.Build.0 = Release|Any CPU
	EndGlobalSection
	GlobalSection(SolutionProperties) = preSolution
		HideSolutionNode = FALSE
	EndGlobalSection
EndGlobal
